github.com/go-openapi/testify/v2 v2.5.0 h1:UOCr63aAsMIDydZbZGqo5Ev01D4eydItRbekDuZMJLw=
github.com/go-openapi/testify/v2 v2.5.0/go.mod h1:SgsVHtfooshd0tublTtJ50FPKhujf47YRqauXXOUxfw=
golang.org/x/text v0.36.0 h1:JfKh3XmcRPqZPKevfXVpI1wXPTqbkE5f7JA92a55Yxg=
golang.org/x/text v0.36.0/go.mod h1:NIdBknypM8iqVmPiuco0Dh6P5Jcdk8lJL0CUebqK164=
